{
  "lockfile_version": "1",
  "packages": {
    "bat@latest": {
      "last_modified": "2024-09-10T15:01:03Z",
      "resolved": "github:NixOS/nixpkgs/5ed627539ac84809c78b2dd6d26a5cebeb5ae269#bat",
      "source": "devbox-search",
      "version": "0.24.0",
      "systems": {
        "aarch64-darwin": {
          "outputs": [
            {
              "name": "out",
              "path": "/nix/store/bfzdasz5vzdf2l9c79g7s3a0f87bldlw-bat-0.24.0",
              "default": true
            }
          ],
          "store_path": "/nix/store/bfzdasz5vzdf2l9c79g7s3a0f87bldlw-bat-0.24.0"
        },
        "aarch64-linux": {
          "outputs": [
            {
              "name": "out",
              "path": "/nix/store/zw5s1h2ac8qfzl07m9dxdw8bf8vyh2nm-bat-0.24.0",
              "default": true
            }
          ],
          "store_path": "/nix/store/zw5s1h2ac8qfzl07m9dxdw8bf8vyh2nm-bat-0.24.0"
        },
        "x86_64-darwin": {
          "outputs": [
            {
              "name": "out",
              "path": "/nix/store/c1ax8ak0qqd616dmnbdm0qvl8x56s09h-bat-0.24.0",
              "default": true
            }
          ],
          "store_path": "/nix/store/c1ax8ak0qqd616dmnbdm0qvl8x56s09h-bat-0.24.0"
        },
        "x86_64-linux": {
          "outputs": [
            {
              "name": "out",
              "path": "/nix/store/vgrwgqhsyw7ghcyirfbp3jdn3frjz6ms-bat-0.24.0",
              "default": true
            }
          ],
          "store_path": "/nix/store/vgrwgqhsyw7ghcyirfbp3jdn3frjz6ms-bat-0.24.0"
        }
      }
    },
    "curl@latest": {
      "last_modified": "2024-09-16T10:17:16Z",
      "resolved": "github:NixOS/nixpkgs/20f9370d5f588fb8c72e844c54511cab054b5f40#curl",
      "source": "devbox-search",
      "version": "8.9.1",
      "systems": {
        "aarch64-darwin": {
          "outputs": [
            {
              "name": "bin",
              "path": "/nix/store/b9vcp70yhf5s0qadg2i1pdnzi7mfzkx4-curl-8.9.1-bin",
              "default": true
            },
            {
              "name": "man",
              "path": "/nix/store/nlnz9711av6sb5mcx6slmkbngg5kd57r-curl-8.9.1-man",
              "default": true
            },
            {
              "name": "dev",
              "path": "/nix/store/g7iznpcciawm2alm7hn9qf2x2nz9gcld-curl-8.9.1-dev"
            },
            {
              "name": "devdoc",
              "path": "/nix/store/g3rwsivls1y3b9iyzzgda5s3nb0pnvkg-curl-8.9.1-devdoc"
            },
            {
              "name": "out",
              "path": "/nix/store/dijbmwxxhizpgva2idb261ic4f0r47cq-curl-8.9.1"
            }
          ],
          "store_path": "/nix/store/b9vcp70yhf5s0qadg2i1pdnzi7mfzkx4-curl-8.9.1-bin"
        },
        "aarch64-linux": {
          "outputs": [
            {
              "name": "bin",
              "path": "/nix/store/jz56y8dn9vyp5qxc2gvs99isis3ql5ml-curl-8.9.1-bin",
              "default": true
            },
            {
              "name": "man",
              "path": "/nix/store/cqdyp0jrflbjbr6xcd5dlb704qkzh2sm-curl-8.9.1-man",
              "default": true
            },
            {
              "name": "debug",
              "path": "/nix/store/jvjycva14kpdk2yyj3b9hpyi0lgl1rf1-curl-8.9.1-debug"
            },
            {
              "name": "dev",
              "path": "/nix/store/cgshc8z3alwlyh3yv7bp7lv7hj4ny8mp-curl-8.9.1-dev"
            },
            {
              "name": "devdoc",
              "path": "/nix/store/b2nzf7rzlrkbw5ha3admbpp2pks3izf2-curl-8.9.1-devdoc"
            },
            {
              "name": "out",
              "path": "/nix/store/w431gagkp4phpi8dn9i7d02xxgjvmfpx-curl-8.9.1"
            }
          ],
          "store_path": "/nix/store/jz56y8dn9vyp5qxc2gvs99isis3ql5ml-curl-8.9.1-bin"
        },
        "x86_64-darwin": {
          "outputs": [
            {
              "name": "bin",
              "path": "/nix/store/zzz5688jdq269a7mi18al2zbqnmrd7d6-curl-8.9.1-bin",
              "default": true
            },
            {
              "name": "man",
              "path": "/nix/store/ap0q2b6i3kx3f3mys9r6rp9kcry17rqj-curl-8.9.1-man",
              "default": true
            },
            {
              "name": "out",
              "path": "/nix/store/rl0lg5swlzlsrmhmw7cgi46kbxwxngkh-curl-8.9.1"
            },
            {
              "name": "dev",
              "path": "/nix/store/iw3jwk48gfg0s0lsz0qpz89paig14fsy-curl-8.9.1-dev"
            },
            {
              "name": "devdoc",
              "path": "/nix/store/rj4x8krz9n9d6s0ys0x20s6wd2fq29pw-curl-8.9.1-devdoc"
            }
          ],
          "store_path": "/nix/store/zzz5688jdq269a7mi18al2zbqnmrd7d6-curl-8.9.1-bin"
        },
        "x86_64-linux": {
          "outputs": [
            {
              "name": "bin",
              "path": "/nix/store/6r0bn0dkvlvhicyvair205s07m92dpaz-curl-8.9.1-bin",
              "default": true
            },
            {
              "name": "man",
              "path": "/nix/store/4ph78zm36yji16fypdk08bcj3agaqwh5-curl-8.9.1-man",
              "default": true
            },
            {
              "name": "debug",
              "path": "/nix/store/hprnrdjjf4ybw74hf0w852842zzyxq11-curl-8.9.1-debug"
            },
            {
              "name": "dev",
              "path": "/nix/store/a49si5nv16sy1jaabryasl015w3s52rr-curl-8.9.1-dev"
            },
            {
              "name": "devdoc",
              "path": "/nix/store/3w9135g8l2fqxjcdcqdn400gjigf7w5x-curl-8.9.1-devdoc"
            },
            {
              "name": "out",
              "path": "/nix/store/x6ssc2mmx1kb52gchksqbzg5c2y0z7lf-curl-8.9.1"
            }
          ],
          "store_path": "/nix/store/6r0bn0dkvlvhicyvair205s07m92dpaz-curl-8.9.1-bin"
        }
      }
    },
    "delta@latest": {
      "last_modified": "2024-09-12T11:58:09Z",
      "resolved": "github:NixOS/nixpkgs/280db3decab4cbeb22a4599bd472229ab74d25e1#delta",
      "source": "devbox-search",
      "version": "0.18.2",
      "systems": {
        "aarch64-darwin": {
          "outputs": [
            {
              "name": "out",
              "path": "/nix/store/g0fhsklcygf121pzvg9b8ynq7yqnadrv-delta-0.18.2",
              "default": true
            }
          ],
          "store_path": "/nix/store/g0fhsklcygf121pzvg9b8ynq7yqnadrv-delta-0.18.2"
        },
        "aarch64-linux": {
          "outputs": [
            {
              "name": "out",
              "path": "/nix/store/0hg8dv5hna2i5pbpyvlj11w66wqwbcfq-delta-0.18.2",
              "default": true
            }
          ],
          "store_path": "/nix/store/0hg8dv5hna2i5pbpyvlj11w66wqwbcfq-delta-0.18.2"
        },
        "x86_64-darwin": {
          "outputs": [
            {
              "name": "out",
              "path": "/nix/store/n34rr0fdc5wp7qraaqb7s698z1bq9hsq-delta-0.18.2",
              "default": true
            }
          ],
          "store_path": "/nix/store/n34rr0fdc5wp7qraaqb7s698z1bq9hsq-delta-0.18.2"
        },
        "x86_64-linux": {
          "outputs": [
            {
              "name": "out",
              "path": "/nix/store/10wid9ncsv6n31nzxi4zzh78vh3bkxfi-delta-0.18.2",
              "default": true
            }
          ],
          "store_path": "/nix/store/10wid9ncsv6n31nzxi4zzh78vh3bkxfi-delta-0.18.2"
        }
      }
    },
    "direnv@latest": {
      "last_modified": "2024-09-10T15:01:03Z",
      "resolved": "github:NixOS/nixpkgs/5ed627539ac84809c78b2dd6d26a5cebeb5ae269#direnv",
      "source": "devbox-search",
      "version": "2.34.0",
      "systems": {
        "aarch64-darwin": {
          "outputs": [
            {
              "name": "out",
              "path": "/nix/store/86zx2b7bd57p8wjaw4vz313vfyx8883q-direnv-2.34.0",
              "default": true
            }
          ],
          "store_path": "/nix/store/86zx2b7bd57p8wjaw4vz313vfyx8883q-direnv-2.34.0"
        },
        "aarch64-linux": {
          "outputs": [
            {
              "name": "out",
              "path": "/nix/store/3rh237ir32dib3dbf4nvfyps1i8x4khn-direnv-2.34.0",
              "default": true
            }
          ],
          "store_path": "/nix/store/3rh237ir32dib3dbf4nvfyps1i8x4khn-direnv-2.34.0"
        },
        "x86_64-darwin": {
          "outputs": [
            {
              "name": "out",
              "path": "/nix/store/nbiq14rih1mzl4lgahvbszqk0jdhj4zf-direnv-2.34.0",
              "default": true
            }
          ],
          "store_path": "/nix/store/nbiq14rih1mzl4lgahvbszqk0jdhj4zf-direnv-2.34.0"
        },
        "x86_64-linux": {
          "outputs": [
            {
              "name": "out",
              "path": "/nix/store/823qi3acdfxnvn0ylygjg6jabx7b4q31-direnv-2.34.0",
              "default": true
            }
          ],
          "store_path": "/nix/store/823qi3acdfxnvn0ylygjg6jabx7b4q31-direnv-2.34.0"
        }
      }
    },
    "fd@latest": {
      "last_modified": "2024-09-10T15:01:03Z",
      "resolved": "github:NixOS/nixpkgs/5ed627539ac84809c78b2dd6d26a5cebeb5ae269#fd",
      "source": "devbox-search",
      "version": "10.2.0",
      "systems": {
        "aarch64-darwin": {
          "outputs": [
            {
              "name": "out",
              "path": "/nix/store/bbzqnzwnj2v3advibp3wps10gihj1ln6-fd-10.2.0",
              "default": true
            }
          ],
          "store_path": "/nix/store/bbzqnzwnj2v3advibp3wps10gihj1ln6-fd-10.2.0"
        },
        "aarch64-linux": {
          "outputs": [
            {
              "name": "out",
              "path": "/nix/store/y1rz0pyv8x7n1hka1j2zpwxc1l9z9243-fd-10.2.0",
              "default": true
            }
          ],
          "store_path": "/nix/store/y1rz0pyv8x7n1hka1j2zpwxc1l9z9243-fd-10.2.0"
        },
        "x86_64-darwin": {
          "outputs": [
            {
              "name": "out",
              "path": "/nix/store/v89khrhdmza9yh9gzkglhj0k3vp2qxc8-fd-10.2.0",
              "default": true
            }
          ],
          "store_path": "/nix/store/v89khrhdmza9yh9gzkglhj0k3vp2qxc8-fd-10.2.0"
        },
        "x86_64-linux": {
          "outputs": [
            {
              "name": "out",
              "path": "/nix/store/bs1pr3k75mmi65b67xp2gjb2i385wxig-fd-10.2.0",
              "default": true
            }
          ],
          "store_path": "/nix/store/bs1pr3k75mmi65b67xp2gjb2i385wxig-fd-10.2.0"
        }
      }
    },
    "fzf@latest": {
      "last_modified": "2024-09-10T15:01:03Z",
      "resolved": "github:NixOS/nixpkgs/5ed627539ac84809c78b2dd6d26a5cebeb5ae269#fzf",
      "source": "devbox-search",
      "version": "0.55.0",
      "systems": {
        "aarch64-darwin": {
          "outputs": [
            {
              "name": "out",
              "path": "/nix/store/3zc8kjdicrkwlby25dajz3d6bjrdwq08-fzf-0.55.0",
              "default": true
            },
            {
              "name": "man",
              "path": "/nix/store/vvz7v2wf0x6ciq8z8n2xy3nczmidd3lg-fzf-0.55.0-man",
              "default": true
            }
          ],
          "store_path": "/nix/store/3zc8kjdicrkwlby25dajz3d6bjrdwq08-fzf-0.55.0"
        },
        "aarch64-linux": {
          "outputs": [
            {
              "name": "out",
              "path": "/nix/store/h8i7j898af32qj95vnz5m5f859xvyafk-fzf-0.55.0",
              "default": true
            },
            {
              "name": "man",
              "path": "/nix/store/5lyjbhwpnfhs1hsf74njinnswf8zgzj2-fzf-0.55.0-man",
              "default": true
            }
          ],
          "store_path": "/nix/store/h8i7j898af32qj95vnz5m5f859xvyafk-fzf-0.55.0"
        },
        "x86_64-darwin": {
          "outputs": [
            {
              "name": "out",
              "path": "/nix/store/4gdf0lb397sphyqjbjfpirzk4rl6kd78-fzf-0.55.0",
              "default": true
            },
            {
              "name": "man",
              "path": "/nix/store/n6008i89biyvfhygvz3q3m3rm7v2i7ix-fzf-0.55.0-man",
              "default": true
            }
          ],
          "store_path": "/nix/store/4gdf0lb397sphyqjbjfpirzk4rl6kd78-fzf-0.55.0"
        },
        "x86_64-linux": {
          "outputs": [
            {
              "name": "out",
              "path": "/nix/store/2f27qfzb3b3s09rjfz0g06g03igibnx1-fzf-0.55.0",
              "default": true
            },
            {
              "name": "man",
              "path": "/nix/store/05sfcgnw7c8xng7aallbqm1gxpb6smgh-fzf-0.55.0-man",
              "default": true
            }
          ],
          "store_path": "/nix/store/2f27qfzb3b3s09rjfz0g06g03igibnx1-fzf-0.55.0"
        }
      }
    },
    "git-absorb@latest": {
      "last_modified": "2024-09-10T15:01:03Z",
      "resolved": "github:NixOS/nixpkgs/5ed627539ac84809c78b2dd6d26a5cebeb5ae269#git-absorb",
      "source": "devbox-search",
      "version": "0.6.15",
      "systems": {
        "aarch64-darwin": {
          "outputs": [
            {
              "name": "out",
              "path": "/nix/store/mygpljq9jvp553s19aci4km2nkmi5831-git-absorb-0.6.15",
              "default": true
            }
          ],
          "store_path": "/nix/store/mygpljq9jvp553s19aci4km2nkmi5831-git-absorb-0.6.15"
        },
        "aarch64-linux": {
          "outputs": [
            {
              "name": "out",
              "path": "/nix/store/lrrjb4x126m8x88cxvz03b4lzsfw3aqk-git-absorb-0.6.15",
              "default": true
            }
          ],
          "store_path": "/nix/store/lrrjb4x126m8x88cxvz03b4lzsfw3aqk-git-absorb-0.6.15"
        },
        "x86_64-darwin": {
          "outputs": [
            {
              "name": "out",
              "path": "/nix/store/icqjcbjx5qadhyq7qx1gjh85nibabgk0-git-absorb-0.6.15",
              "default": true
            }
          ],
          "store_path": "/nix/store/icqjcbjx5qadhyq7qx1gjh85nibabgk0-git-absorb-0.6.15"
        },
        "x86_64-linux": {
          "outputs": [
            {
              "name": "out",
              "path": "/nix/store/zkpnsyqmpg3ns40sqniqyz63cgzg8i9j-git-absorb-0.6.15",
              "default": true
            }
          ],
          "store_path": "/nix/store/zkpnsyqmpg3ns40sqniqyz63cgzg8i9j-git-absorb-0.6.15"
        }
      }
    },
    "git@latest": {
      "last_modified": "2024-09-10T15:01:03Z",
      "resolved": "github:NixOS/nixpkgs/5ed627539ac84809c78b2dd6d26a5cebeb5ae269#git",
      "source": "devbox-search",
      "version": "2.46.0",
      "systems": {
        "aarch64-darwin": {
          "outputs": [
            {
              "name": "out",
              "path": "/nix/store/msgwpjsr2607nmlm4f0klc60m7vyp2ls-git-2.46.0",
              "default": true
            },
            {
              "name": "doc",
              "path": "/nix/store/ycx57sa7dfrs9z1gq0sk1ai29ib9hvhl-git-2.46.0-doc"
            }
          ],
          "store_path": "/nix/store/msgwpjsr2607nmlm4f0klc60m7vyp2ls-git-2.46.0"
        },
        "aarch64-linux": {
          "outputs": [
            {
              "name": "out",
              "path": "/nix/store/lgr3n0573wi478bj456zggh541wjrbiw-git-2.46.0",
              "default": true
            },
            {
              "name": "debug",
              "path": "/nix/store/v6r2pdpiwn62yhjp489gjkqhz6yn8zl5-git-2.46.0-debug"
            },
            {
              "name": "doc",
              "path": "/nix/store/5aiq8j373y5k9dh1p98zlic3n5f5ycnq-git-2.46.0-doc"
            }
          ],
          "store_path": "/nix/store/lgr3n0573wi478bj456zggh541wjrbiw-git-2.46.0"
        },
        "x86_64-darwin": {
          "outputs": [
            {
              "name": "out",
              "path": "/nix/store/lfb5ngmzsmnbqw41wm11i7hjnrkii7ic-git-2.46.0",
              "default": true
            },
            {
              "name": "doc",
              "path": "/nix/store/kcgzncw4plawrs6fw524dprbscqdl78n-git-2.46.0-doc"
            }
          ],
          "store_path": "/nix/store/lfb5ngmzsmnbqw41wm11i7hjnrkii7ic-git-2.46.0"
        },
        "x86_64-linux": {
          "outputs": [
            {
              "name": "out",
              "path": "/nix/store/0l63mqr7qx1asjxfz86j4zbs4758gn98-git-2.46.0",
              "default": true
            },
            {
              "name": "debug",
              "path": "/nix/store/x1g0dhpqg1fi4dz20lp2i2h759bdkark-git-2.46.0-debug"
            },
            {
              "name": "doc",
              "path": "/nix/store/5r0irlcap11p8wqbdiy9fz1y3pk1mn4n-git-2.46.0-doc"
            }
          ],
          "store_path": "/nix/store/0l63mqr7qx1asjxfz86j4zbs4758gn98-git-2.46.0"
        }
      }
    },
    "grc@latest": {
      "last_modified": "2024-09-10T15:01:03Z",
      "resolved": "github:NixOS/nixpkgs/5ed627539ac84809c78b2dd6d26a5cebeb5ae269#grc",
      "source": "devbox-search",
      "version": "1.13",
      "systems": {
        "aarch64-darwin": {
          "outputs": [
            {
              "name": "out",
              "path": "/nix/store/7b8dwz6ya4bf92sdk1692n0jvj0wj9j7-grc-1.13",
              "default": true
            }
          ],
          "store_path": "/nix/store/7b8dwz6ya4bf92sdk1692n0jvj0wj9j7-grc-1.13"
        },
        "aarch64-linux": {
          "outputs": [
            {
              "name": "out",
              "path": "/nix/store/yjsndqb5s8v27mm002kr1izmyijnlfk5-grc-1.13",
              "default": true
            }
          ],
          "store_path": "/nix/store/yjsndqb5s8v27mm002kr1izmyijnlfk5-grc-1.13"
        },
        "x86_64-darwin": {
          "outputs": [
            {
              "name": "out",
              "path": "/nix/store/c2jnk24jilba4lzy9246jam5snvbrarq-grc-1.13",
              "default": true
            }
          ],
          "store_path": "/nix/store/c2jnk24jilba4lzy9246jam5snvbrarq-grc-1.13"
        },
        "x86_64-linux": {
          "outputs": [
            {
              "name": "out",
              "path": "/nix/store/z38n2w8m7p6nnrvaddk7lw4l7lpkgkpg-grc-1.13",
              "default": true
            }
          ],
          "store_path": "/nix/store/z38n2w8m7p6nnrvaddk7lw4l7lpkgkpg-grc-1.13"
        }
      }
    },
    "gum@latest": {
      "last_modified": "2024-09-10T15:01:03Z",
      "resolved": "github:NixOS/nixpkgs/5ed627539ac84809c78b2dd6d26a5cebeb5ae269#gum",
      "source": "devbox-search",
      "version": "0.14.5",
      "systems": {
        "aarch64-darwin": {
          "outputs": [
            {
              "name": "out",
              "path": "/nix/store/n1gqffrwdzr3vpsmwmwx3hmw814c1k6g-gum-0.14.5",
              "default": true
            }
          ],
          "store_path": "/nix/store/n1gqffrwdzr3vpsmwmwx3hmw814c1k6g-gum-0.14.5"
        },
        "aarch64-linux": {
          "outputs": [
            {
              "name": "out",
              "path": "/nix/store/ggp10jr3l6higs0gqibp6ypjlf7yakpc-gum-0.14.5",
              "default": true
            }
          ],
          "store_path": "/nix/store/ggp10jr3l6higs0gqibp6ypjlf7yakpc-gum-0.14.5"
        },
        "x86_64-darwin": {
          "outputs": [
            {
              "name": "out",
              "path": "/nix/store/jq8shghha81s1wg67fcjrfnf4hbliimn-gum-0.14.5",
              "default": true
            }
          ],
          "store_path": "/nix/store/jq8shghha81s1wg67fcjrfnf4hbliimn-gum-0.14.5"
        },
        "x86_64-linux": {
          "outputs": [
            {
              "name": "out",
              "path": "/nix/store/f199acwir08z47f3d5kf1fhmhajmd1ig-gum-0.14.5",
              "default": true
            }
          ],
          "store_path": "/nix/store/f199acwir08z47f3d5kf1fhmhajmd1ig-gum-0.14.5"
        }
      }
    },
    "lsd@latest": {
      "last_modified": "2024-09-10T15:01:03Z",
      "resolved": "github:NixOS/nixpkgs/5ed627539ac84809c78b2dd6d26a5cebeb5ae269#lsd",
      "source": "devbox-search",
      "version": "1.1.5",
      "systems": {
        "aarch64-darwin": {
          "outputs": [
            {
              "name": "out",
              "path": "/nix/store/45qr3gn214z0a0b7pli5ihxwihfhjd59-lsd-1.1.5",
              "default": true
            }
          ],
          "store_path": "/nix/store/45qr3gn214z0a0b7pli5ihxwihfhjd59-lsd-1.1.5"
        },
        "aarch64-linux": {
          "outputs": [
            {
              "name": "out",
              "path": "/nix/store/4673420j8454zra03jf7gxn983krjgih-lsd-1.1.5",
              "default": true
            }
          ],
          "store_path": "/nix/store/4673420j8454zra03jf7gxn983krjgih-lsd-1.1.5"
        },
        "x86_64-darwin": {
          "outputs": [
            {
              "name": "out",
              "path": "/nix/store/f7hngwmvh2l6ig6y0v32qc70ck6m3r2l-lsd-1.1.5",
              "default": true
            }
          ],
          "store_path": "/nix/store/f7hngwmvh2l6ig6y0v32qc70ck6m3r2l-lsd-1.1.5"
        },
        "x86_64-linux": {
          "outputs": [
            {
              "name": "out",
              "path": "/nix/store/g4rargvm65nhsmhb13w7d9g1im8ci61c-lsd-1.1.5",
              "default": true
            }
          ],
          "store_path": "/nix/store/g4rargvm65nhsmhb13w7d9g1im8ci61c-lsd-1.1.5"
        }
      }
    },
    "python@3.10": {
      "last_modified": "2024-09-12T02:28:40Z",
      "plugin_version": "0.0.3",
      "resolved": "github:NixOS/nixpkgs/111ed8812c10d7dc3017de46cbf509600c93f551#python310",
      "source": "devbox-search",
      "version": "3.10.15",
      "systems": {
        "aarch64-darwin": {
          "outputs": [
            {
              "name": "out",
              "path": "/nix/store/r26gjy09nhlai4xwxk24v19987mamgvx-python3-3.10.15",
              "default": true
            }
          ],
          "store_path": "/nix/store/r26gjy09nhlai4xwxk24v19987mamgvx-python3-3.10.15"
        },
        "aarch64-linux": {
          "outputs": [
            {
              "name": "out",
              "path": "/nix/store/gff35lhwxp2szvq25anxjysgvpsbccks-python3-3.10.15",
              "default": true
            },
            {
              "name": "debug",
              "path": "/nix/store/kiv3idpk051f04lqi5f5cwgg6gk1dkni-python3-3.10.15-debug"
            }
          ],
          "store_path": "/nix/store/gff35lhwxp2szvq25anxjysgvpsbccks-python3-3.10.15"
        },
        "x86_64-darwin": {
          "outputs": [
            {
              "name": "out",
              "path": "/nix/store/vixfzsfryg9qfk7ni7sjp142qx4ynwyp-python3-3.10.15",
              "default": true
            }
          ],
          "store_path": "/nix/store/vixfzsfryg9qfk7ni7sjp142qx4ynwyp-python3-3.10.15"
        },
        "x86_64-linux": {
          "outputs": [
            {
              "name": "out",
              "path": "/nix/store/9k4c0sawwdw6q920y1ndj4jrd0ay3gsa-python3-3.10.15",
              "default": true
            },
            {
              "name": "debug",
              "path": "/nix/store/7ajzmmcc9avk5np7kijwg52d8dzwhbkf-python3-3.10.15-debug"
            }
          ],
          "store_path": "/nix/store/9k4c0sawwdw6q920y1ndj4jrd0ay3gsa-python3-3.10.15"
        }
      }
    },
    "starship@latest": {
      "last_modified": "2024-09-10T15:01:03Z",
      "resolved": "github:NixOS/nixpkgs/5ed627539ac84809c78b2dd6d26a5cebeb5ae269#starship",
      "source": "devbox-search",
      "version": "1.20.1",
      "systems": {
        "aarch64-darwin": {
          "outputs": [
            {
              "name": "out",
              "path": "/nix/store/84hwzp6dsabnqk09mnjhha4nfrxj1gg1-starship-1.20.1",
              "default": true
            }
          ],
          "store_path": "/nix/store/84hwzp6dsabnqk09mnjhha4nfrxj1gg1-starship-1.20.1"
        },
        "aarch64-linux": {
          "outputs": [
            {
              "name": "out",
              "path": "/nix/store/wwrjlnqh0q82i3zz5rnvgnlb9vhk70y7-starship-1.20.1",
              "default": true
            }
          ],
          "store_path": "/nix/store/wwrjlnqh0q82i3zz5rnvgnlb9vhk70y7-starship-1.20.1"
        },
        "x86_64-darwin": {
          "outputs": [
            {
              "name": "out",
              "path": "/nix/store/315k2lmsw8gscnv4k8mgv04mzj1kgvwn-starship-1.20.1",
              "default": true
            }
          ],
          "store_path": "/nix/store/315k2lmsw8gscnv4k8mgv04mzj1kgvwn-starship-1.20.1"
        },
        "x86_64-linux": {
          "outputs": [
            {
              "name": "out",
              "path": "/nix/store/3kqgbyp136g6qanfynag62b283fd05pn-starship-1.20.1",
              "default": true
            }
          ],
          "store_path": "/nix/store/3kqgbyp136g6qanfynag62b283fd05pn-starship-1.20.1"
        }
      }
    },
    "wget@latest": {
      "last_modified": "2024-09-10T15:01:03Z",
      "resolved": "github:NixOS/nixpkgs/5ed627539ac84809c78b2dd6d26a5cebeb5ae269#wget",
      "source": "devbox-search",
      "version": "1.24.5",
      "systems": {
        "aarch64-darwin": {
          "outputs": [
            {
              "name": "out",
              "path": "/nix/store/jp912nkxxzk3crf4ji7qzizzx658pwh9-wget-1.24.5",
              "default": true
            }
          ],
          "store_path": "/nix/store/jp912nkxxzk3crf4ji7qzizzx658pwh9-wget-1.24.5"
        },
        "aarch64-linux": {
          "outputs": [
            {
              "name": "out",
              "path": "/nix/store/4vpmpr4hrdqn0kmq39apfm3wcm6ya8ns-wget-1.24.5",
              "default": true
            }
          ],
          "store_path": "/nix/store/4vpmpr4hrdqn0kmq39apfm3wcm6ya8ns-wget-1.24.5"
        },
        "x86_64-darwin": {
          "outputs": [
            {
              "name": "out",
              "path": "/nix/store/m9g22b1zkyiqj2zrg0pcx8m76jhlpbbh-wget-1.24.5",
              "default": true
            }
          ],
          "store_path": "/nix/store/m9g22b1zkyiqj2zrg0pcx8m76jhlpbbh-wget-1.24.5"
        },
        "x86_64-linux": {
          "outputs": [
            {
              "name": "out",
              "path": "/nix/store/knrmi1lxrymln482wgd3q8h0mnrhj9y8-wget-1.24.5",
              "default": true
            }
          ],
          "store_path": "/nix/store/knrmi1lxrymln482wgd3q8h0mnrhj9y8-wget-1.24.5"
        }
      }
    }
  }
}
